
Microsoft Visual Studio Solution File, Format Version 12.00
# Visual Studio Version 16
VisualStudioVersion = 16.0.29911.84
MinimumVisualStudioVersion = 10.0.40219.1
Project("{FAE04EC0-301F-11D3-BF4B-00C04F79EFBC}") = "CarReportSystem", "CarReportSystem\CarReportSystem.csproj", "{AD86B0D2-37D1-434E-A320-BF90D589B2BF}"
EndProject
Global
	GlobalSection(SolutionConfigurationPlatforms) = preSolution
		Debug|Any CPU = Debug|Any CPU
		Release|Any CPU = Release|Any CPU
	EndGlobalSection
	GlobalSection(ProjectConfigurationPlatforms) = postSolution
		{AD86B0D2-37D1-434E-A320-BF90D589B2BF}.Debug|Any CPU.ActiveCfg = Debug|Any CPU
		{AD86B0D2-37D1-434E-A320-BF90D589B2BF}.Debug|Any CPU.Build.0 = Debug|Any CPU
		{AD86B0D2-37D1-434E-A320-BF90D589B2BF}.Release|Any CPU.ActiveCfg = Release|Any CPU
		{AD86B0D2-37D1-434E-A320-BF90D589B2BF}.Release|Any CPU.Build.0 = Release|Any CPU
	EndGlobalSection
	GlobalSection(SolutionProperties) = preSolution
		HideSolutionNode = FALSE
	EndGlobalSection
	GlobalSection(ExtensibilityGlobals) = postSolution
		SolutionGuid = {0203352D-03C2-40DE-A137-ED8734F37439}
	EndGlobalSection
EndGlobal
